
Microsoft Visual Studio Solution File, Format Version 12.00
# Visual Studio Version 17
VisualStudioVersion = 17.10.34916.146
MinimumVisualStudioVersion = 10.0.40219.1
Project("{FAE04EC0-301F-11D3-BF4B-00C04F79EFBC}") = "PipelineDemoAPI", "PipelineDemoAPI\PipelineDemoAPI.csproj", "{2367D2C4-9977-4F32-93DC-3197175BBA5E}"
EndProject
Global
	GlobalSection(SolutionConfigurationPlatforms) = preSolution
		Debug|Any CPU = Debug|Any CPU
		Release|Any CPU = Release|Any CPU
	EndGlobalSection
	GlobalSection(ProjectConfigurationPlatforms) = postSolution
		{2367D2C4-9977-4F32-93DC-3197175BBA5E}.Debug|Any CPU.ActiveCfg = Debug|Any CPU
		{2367D2C4-9977-4F32-93DC-3197175BBA5E}.Debug|Any CPU.Build.0 = Debug|Any CPU
		{2367D2C4-9977-4F32-93DC-3197175BBA5E}.Release|Any CPU.ActiveCfg = Release|Any CPU
		{2367D2C4-9977-4F32-93DC-3197175BBA5E}.Release|Any CPU.Build.0 = Release|Any CPU
	EndGlobalSection
	GlobalSection(SolutionProperties) = preSolution
		HideSolutionNode = FALSE
	EndGlobalSection
	GlobalSection(ExtensibilityGlobals) = postSolution
		SolutionGuid = {15C47FA8-FD1E-4E0A-B3EC-C1902D06AD88}
	EndGlobalSection
EndGlobal
